// !$*UTF8*$!
{
	archiveVersion = 1;
	classes = {
	};
	objectVersion = 46;
	objects = {

/* Begin PBXBuildFile section */
		E86597D21E2CD5B900460584 /* AppDelegate.swift in Sources */ = {isa = PBXBuildFile; fileRef = E86597D11E2CD5B900460584 /* AppDelegate.swift */; };
		E86597D41E2CD5B900460584 /* ViewController.swift in Sources */ = {isa = PBXBuildFile; fileRef = E86597D31E2CD5B900460584 /* ViewController.swift */; };
		E86597D71E2CD5B900460584 /* Main.storyboard in Resources */ = {isa = PBXBuildFile; fileRef = E86597D51E2CD5B900460584 /* Main.storyboard */; };
		E86597D91E2CD5B900460584 /* Assets.xcassets in Resources */ = {isa = PBXBuildFile; fileRef = E86597D81E2CD5B900460584 /* Assets.xcassets */; };
		E86597DC1E2CD5B900460584 /* LaunchScreen.storyboard in Resources */ = {isa = PBXBuildFile; fileRef = E86597DA1E2CD5B900460584 /* LaunchScreen.storyboard */; };
		E86597E41E2CD72300460584 /* Component.swift in Sources */ = {isa = PBXBuildFile; fileRef = E86597E31E2CD72300460584 /* Component.swift */; };
		FB6736AF28781B25A9F8FB04 /* Pods_MyComponent.framework in Frameworks */ = {isa = PBXBuildFile; fileRef = 4378711114FE0CFFED1A78F5 /* Pods_MyComponent.framework */; };
/* End PBXBuildFile section */

/* Begin PBXFileReference section */
		4378711114FE0CFFED1A78F5 /* Pods_MyComponent.framework */ = {isa = PBXFileReference; explicitFileType = wrapper.framework; includeInIndex = 0; path = Pods_MyComponent.framework; sourceTree = BUILT_PRODUCTS_DIR; };
		6815D7412CC6B4681A0F501A /* Pods-MyComponent.release.xcconfig */ = {isa = PBXFileReference; includeInIndex = 1; lastKnownFileType = text.xcconfig; name = "Pods-MyComponent.release.xcconfig"; path = "../../Pods/Target Support Files/Pods-MyComponent/Pods-MyComponent.release.xcconfig"; sourceTree = "<group>"; };
		DA0AD5F12932565EF1E32151 /* Pods-MyComponent.debug.xcconfig */ = {isa = PBXFileReference; includeInIndex = 1; lastKnownFileType = text.xcconfig; name = "Pods-MyComponent.debug.xcconfig"; path = "../../Pods/Target Support Files/Pods-MyComponent/Pods-MyComponent.debug.xcconfig"; sourceTree = "<group>"; };
		E86597CE1E2CD5B900460584 /* MyComponent.app */ = {isa = PBXFileReference; explicitFileType = wrapper.application; includeInIndex = 0; path = MyComponent.app; sourceTree = BUILT_PRODUCTS_DIR; };
		E86597D11E2CD5B900460584 /* AppDelegate.swift */ = {isa = PBXFileReference; lastKnownFileType = sourcecode.swift; path = AppDelegate.swift; sourceTree = "<group>"; };
		E86597D31E2CD5B900460584 /* ViewController.swift */ = {isa = PBXFileReference; lastKnownFileType = sourcecode.swift; path = ViewController.swift; sourceTree = "<group>"; };
		E86597D61E2CD5B900460584 /* Base */ = {isa = PBXFileReference; lastKnownFileType = file.storyboard; name = Base; path = Base.lproj/Main.storyboard; sourceTree = "<group>"; };
		E86597D81E2CD5B900460584 /* Assets.xcassets */ = {isa = PBXFileReference; lastKnownFileType = folder.assetcatalog; path = Assets.xcassets; sourceTree = "<group>"; };
		E86597DB1E2CD5B900460584 /* Base */ = {isa = PBXFileReference; lastKnownFileType = file.storyboard; name = Base; path = Base.lproj/LaunchScreen.storyboard; sourceTree = "<group>"; };
		E86597DD1E2CD5B900460584 /* Info.plist */ = {isa = PBXFileReference; lastKnownFileType = text.plist.xml; path = Info.plist; sourceTree = "<group>"; };
		E86597E31E2CD72300460584 /* Component.swift */ = {isa = PBXFileReference; fileEncoding = 4; lastKnownFileType = sourcecode.swift; name = Component.swift; path = classes/Component.swift; sourceTree = "<group>"; };
/* End PBXFileReference section */

/* Begin PBXFrameworksBuildPhase section */
		E86597CB1E2CD5B900460584 /* Frameworks */ = {
			isa = PBXFrameworksBuildPhase;
			buildActionMask = 2147483647;
			files = (
				FB6736AF28781B25A9F8FB04 /* Pods_MyComponent.framework in Frameworks */,
			);
			runOnlyForDeploymentPostprocessing = 0;
		};
/* End PBXFrameworksBuildPhase section */

/* Begin PBXGroup section */
		1764AF3E7EE8BF8AC9929354 /* Frameworks */ = {
			isa = PBXGroup;
			children = (
				4378711114FE0CFFED1A78F5 /* Pods_MyComponent.framework */,
			);
			name = Frameworks;
			sourceTree = "<group>";
		};
		3F796758C82E11C0276C7FBB /* Pods */ = {
			isa = PBXGroup;
			children = (
				DA0AD5F12932565EF1E32151 /* Pods-MyComponent.debug.xcconfig */,
				6815D7412CC6B4681A0F501A /* Pods-MyComponent.release.xcconfig */,
			);
			name = Pods;
			sourceTree = "<group>";
		};
		E86597C51E2CD5B900460584 = {
			isa = PBXGroup;
			children = (
				E86597D01E2CD5B900460584 /* MyComponent */,
				E86597CF1E2CD5B900460584 /* Products */,
				3F796758C82E11C0276C7FBB /* Pods */,
				1764AF3E7EE8BF8AC9929354 /* Frameworks */,
			);
			sourceTree = "<group>";
		};
		E86597CF1E2CD5B900460584 /* Products */ = {
			isa = PBXGroup;
			children = (
				E86597CE1E2CD5B900460584 /* MyComponent.app */,
			);
			name = Products;
			sourceTree = "<group>";
		};
		E86597D01E2CD5B900460584 /* MyComponent */ = {
			isa = PBXGroup;
			children = (
				E86597E51E2CFB2500460584 /* classes */,
				E86597D11E2CD5B900460584 /* AppDelegate.swift */,
				E86597D31E2CD5B900460584 /* ViewController.swift */,
				E86597D51E2CD5B900460584 /* Main.storyboard */,
				E86597D81E2CD5B900460584 /* Assets.xcassets */,
				E86597DA1E2CD5B900460584 /* LaunchScreen.storyboard */,
				E86597DD1E2CD5B900460584 /* Info.plist */,
			);
			path = MyComponent;
			sourceTree = "<group>";
		};
		E86597E51E2CFB2500460584 /* classes */ = {
			isa = PBXGroup;
			children = (
				E86597E31E2CD72300460584 /* Component.swift */,
			);
			name = classes;
			sourceTree = "<group>";
		};
/* End PBXGroup section */

/* Begin PBXNativeTarget section */
		E86597CD1E2CD5B900460584 /* MyComponent */ = {
			isa = PBXNativeTarget;
			buildConfigurationList = E86597E01E2CD5B900460584 /* Build configuration list for PBXNativeTarget "MyComponent" */;
			buildPhases = (
				E7694D535B2A0C198F0F70AE /* [CP] Check Pods Manifest.lock */,
				E86597CA1E2CD5B900460584 /* Sources */,
				E86597CB1E2CD5B900460584 /* Frameworks */,
				E86597CC1E2CD5B900460584 /* Resources */,
				8DB2A5C0F6DF18FA92EBA14C /* [CP] Embed Pods Frameworks */,
				DCA2AF54E6A84EA9E62DF011 /* [CP] Copy Pods Resources */,
			);
			buildRules = (
			);
			dependencies = (
			);
			name = MyComponent;
			productName = MyComponent;
			productReference = E86597CE1E2CD5B900460584 /* MyComponent.app */;
			productType = "com.apple.product-type.application";
		};
/* End PBXNativeTarget section */

/* Begin PBXProject section */
		E86597C61E2CD5B900460584 /* Project object */ = {
			isa = PBXProject;
			attributes = {
				LastSwiftUpdateCheck = 0810;
				LastUpgradeCheck = 0810;
				ORGANIZATIONNAME = "Igor Gun";
				TargetAttributes = {
					E86597CD1E2CD5B900460584 = {
						CreatedOnToolsVersion = 8.1;
						DevelopmentTeam = DS5TC9K4UK;
						ProvisioningStyle = Automatic;
					};
				};
			};
			buildConfigurationList = E86597C91E2CD5B900460584 /* Build configuration list for PBXProject "MyComponent" */;
			compatibilityVersion = "Xcode 3.2";
			developmentRegion = English;
			hasScannedForEncodings = 0;
			knownRegions = (
				en,
				Base,
			);
			mainGroup = E86597C51E2CD5B900460584;
			productRefGroup = E86597CF1E2CD5B900460584 /* Products */;
			projectDirPath = "";
			projectRoot = "";
			targets = (
				E86597CD1E2CD5B900460584 /* MyComponent */,
			);
		};
/* End PBXProject section */

/* Begin PBXResourcesBuildPhase section */
		E86597CC1E2CD5B900460584 /* Resources */ = {
			isa = PBXResourcesBuildPhase;
			buildActionMask = 2147483647;
			files = (
				E86597DC1E2CD5B900460584 /* LaunchScreen.storyboard in Resources */,
				E86597D91E2CD5B900460584 /* Assets.xcassets in Resources */,
				E86597D71E2CD5B900460584 /* Main.storyboard in Resources */,
			);
			runOnlyForDeploymentPostprocessing = 0;
		};
/* End PBXResourcesBuildPhase section */

/* Begin PBXShellScriptBuildPhase section */
		8DB2A5C0F6DF18FA92EBA14C /* [CP] Embed Pods Frameworks */ = {
			isa = PBXShellScriptBuildPhase;
			buildActionMask = 2147483647;
			files = (
			);
			inputPaths = (
			);
			name = "[CP] Embed Pods Frameworks";
			outputPaths = (
			);
			runOnlyForDeploymentPostprocessing = 0;
			shellPath = /bin/sh;
			shellScript = "\"${SRCROOT}/../../Pods/Target Support Files/Pods-MyComponent/Pods-MyComponent-frameworks.sh\"\n";
			showEnvVarsInLog = 0;
		};
		DCA2AF54E6A84EA9E62DF011 /* [CP] Copy Pods Resources */ = {
			isa = PBXShellScriptBuildPhase;
			buildActionMask = 2147483647;
			files = (
			);
			inputPaths = (
			);
			name = "[CP] Copy Pods Resources";
			outputPaths = (
			);
			runOnlyForDeploymentPostprocessing = 0;
			shellPath = /bin/sh;
			shellScript = "\"${SRCROOT}/../../Pods/Target Support Files/Pods-MyComponent/Pods-MyComponent-resources.sh\"\n";
			showEnvVarsInLog = 0;
		};
		E7694D535B2A0C198F0F70AE /* [CP] Check Pods Manifest.lock */ = {
			isa = PBXShellScriptBuildPhase;
			buildActionMask = 2147483647;
			files = (
			);
			inputPaths = (
			);
			name = "[CP] Check Pods Manifest.lock";
			outputPaths = (
			);
			runOnlyForDeploymentPostprocessing = 0;
			shellPath = /bin/sh;
			shellScript = "diff \"${PODS_ROOT}/../Podfile.lock\" \"${PODS_ROOT}/Manifest.lock\" > /dev/null\nif [[ $? != 0 ]] ; then\n    cat << EOM\nerror: The sandbox is not in sync with the Podfile.lock. Run 'pod install' or update your CocoaPods installation.\nEOM\n    exit 1\nfi\n";
			showEnvVarsInLog = 0;
		};
/* End PBXShellScriptBuildPhase section */

/* Begin PBXSourcesBuildPhase section */
		E86597CA1E2CD5B900460584 /* Sources */ = {
			isa = PBXSourcesBuildPhase;
			buildActionMask = 2147483647;
			files = (
				E86597D41E2CD5B900460584 /* ViewController.swift in Sources */,
				E86597E41E2CD72300460584 /* Component.swift in Sources */,
				E86597D21E2CD5B900460584 /* AppDelegate.swift in Sources */,
			);
			runOnlyForDeploymentPostprocessing = 0;
		};
/* End PBXSourcesBuildPhase section */

/* Begin PBXVariantGroup section */
		E86597D51E2CD5B900460584 /* Main.storyboard */ = {
			isa = PBXVariantGroup;
			children = (
				E86597D61E2CD5B900460584 /* Base */,
			);
			name = Main.storyboard;
			sourceTree = "<group>";
		};
		E86597DA1E2CD5B900460584 /* LaunchScreen.storyboard */ = {
			isa = PBXVariantGroup;
			children = (
				E86597DB1E2CD5B900460584 /* Base */,
			);
			name = LaunchScreen.storyboard;
			sourceTree = "<group>";
		};
/* End PBXVariantGroup section */

/* Begin XCBuildConfiguration section */
		E86597DE1E2CD5B900460584 /* Debug */ = {
			isa = XCBuildConfiguration;
			buildSettings = {
				ALWAYS_SEARCH_USER_PATHS = NO;
				CLANG_ANALYZER_NONNULL = YES;
				CLANG_CXX_LANGUAGE_STANDARD = "gnu++0x";
				CLANG_CXX_LIBRARY = "libc++";
				CLANG_ENABLE_MODULES = YES;
				CLANG_ENABLE_OBJC_ARC = YES;
				CLANG_WARN_BOOL_CONVERSION = YES;
				CLANG_WARN_CONSTANT_CONVERSION = YES;
				CLANG_WARN_DIRECT_OBJC_ISA_USAGE = YES_ERROR;
				CLANG_WARN_DOCUMENTATION_COMMENTS = YES;
				CLANG_WARN_EMPTY_BODY = YES;
				CLANG_WARN_ENUM_CONVERSION = YES;
				CLANG_WARN_INFINITE_RECURSION = YES;
				CLANG_WARN_INT_CONVERSION = YES;
				CLANG_WARN_OBJC_ROOT_CLASS = YES_ERROR;
				CLANG_WARN_SUSPICIOUS_MOVES = YES;
				CLANG_WARN_UNREACHABLE_CODE = YES;
				CLANG_WARN__DUPLICATE_METHOD_MATCH = YES;
				"CODE_SIGN_IDENTITY[sdk=iphoneos*]" = "iPhone Developer";
				COPY_PHASE_STRIP = NO;
				DEBUG_INFORMATION_FORMAT = dwarf;
				ENABLE_STRICT_OBJC_MSGSEND = YES;
				ENABLE_TESTABILITY = YES;
				GCC_C_LANGUAGE_STANDARD = gnu99;
				GCC_DYNAMIC_NO_PIC = NO;
				GCC_NO_COMMON_BLOCKS = YES;
				GCC_OPTIMIZATION_LEVEL = 0;
				GCC_PREPROCESSOR_DEFINITIONS = (
					"DEBUG=1",
					"$(inherited)",
				);
				GCC_WARN_64_TO_32_BIT_CONVERSION = YES;
				GCC_WARN_ABOUT_RETURN_TYPE = YES_ERROR;
				GCC_WARN_UNDECLARED_SELECTOR = YES;
				GCC_WARN_UNINITIALIZED_AUTOS = YES_AGGRESSIVE;
				GCC_WARN_UNUSED_FUNCTION = YES;
				GCC_WARN_UNUSED_VARIABLE = YES;
				IPHONEOS_DEPLOYMENT_TARGET = 10.1;
				MTL_ENABLE_DEBUG_INFO = YES;
				ONLY_ACTIVE_ARCH = YES;
				SDKROOT = iphoneos;
				SWIFT_ACTIVE_COMPILATION_CONDITIONS = DEBUG;
				SWIFT_OPTIMIZATION_LEVEL = "-Onone";
			};
			name = Debug;
		};
		E86597DF1E2CD5B900460584 /* Release */ = {
			isa = XCBuildConfiguration;
			buildSettings = {
				ALWAYS_SEARCH_USER_PATHS = NO;
				CLANG_ANALYZER_NONNULL = YES;
				CLANG_CXX_LANGUAGE_STANDARD = "gnu++0x";
				CLANG_CXX_LIBRARY = "libc++";
				CLANG_ENABLE_MODULES = YES;
				CLANG_ENABLE_OBJC_ARC = YES;
				CLANG_WARN_BOOL_CONVERSION = YES;
				CLANG_WARN_CONSTANT_CONVERSION = YES;
				CLANG_WARN_DIRECT_OBJC_ISA_USAGE = YES_ERROR;
				CLANG_WARN_DOCUMENTATION_COMMENTS = YES;
				CLANG_WARN_EMPTY_BODY = YES;
				CLANG_WARN_ENUM_CONVERSION = YES;
				CLANG_WARN_INFINITE_RECURSION = YES;
				CLANG_WARN_INT_CONVERSION = YES;
				CLANG_WARN_OBJC_ROOT_CLASS = YES_ERROR;
				CLANG_WARN_SUSPICIOUS_MOVES = YES;
				CLANG_WARN_UNREACHABLE_CODE = YES;
				CLANG_WARN__DUPLICATE_METHOD_MATCH = YES;
				"CODE_SIGN_IDENTITY[sdk=iphoneos*]" = "iPhone Developer";
				COPY_PHASE_STRIP = NO;
				DEBUG_INFORMATION_FORMAT = "dwarf-with-dsym";
				ENABLE_NS_ASSERTIONS = NO;
				ENABLE_STRICT_OBJC_MSGSEND = YES;
				GCC_C_LANGUAGE_STANDARD = gnu99;
				GCC_NO_COMMON_BLOCKS = YES;
				GCC_WARN_64_TO_32_BIT_CONVERSION = YES;
				GCC_WARN_ABOUT_RETURN_TYPE = YES_ERROR;
				GCC_WARN_UNDECLARED_SELECTOR = YES;
				GCC_WARN_UNINITIALIZED_AUTOS = YES_AGGRESSIVE;
				GCC_WARN_UNUSED_FUNCTION = YES;
				GCC_WARN_UNUSED_VARIABLE = YES;
				IPHONEOS_DEPLOYMENT_TARGET = 10.1;
				MTL_ENABLE_DEBUG_INFO = NO;
				SDKROOT = iphoneos;
				SWIFT_OPTIMIZATION_LEVEL = "-Owholemodule";
				VALIDATE_PRODUCT = YES;
			};
			name = Release;
		};
		E86597E11E2CD5B900460584 /* Debug */ = {
			isa = XCBuildConfiguration;
			baseConfigurationReference = DA0AD5F12932565EF1E32151 /* Pods-MyComponent.debug.xcconfig */;
			buildSettings = {
				ASSETCATALOG_COMPILER_APPICON_NAME = AppIcon;
				DEVELOPMENT_TEAM = DS5TC9K4UK;
				INFOPLIST_FILE = MyComponent/Info.plist;
				LD_RUNPATH_SEARCH_PATHS = "$(inherited) @executable_path/Frameworks";
				PRODUCT_BUNDLE_IDENTIFIER = net.idealo.MyComponent;
				PRODUCT_NAME = "$(TARGET_NAME)";
				SWIFT_VERSION = 3.0;
			};
			name = Debug;
		};
		E86597E21E2CD5B900460584 /* Release */ = {
			isa = XCBuildConfiguration;
			baseConfigurationReference = 6815D7412CC6B4681A0F501A /* Pods-MyComponent.release.xcconfig */;
			buildSettings = {
				ASSETCATALOG_COMPILER_APPICON_NAME = AppIcon;
				DEVELOPMENT_TEAM = DS5TC9K4UK;
				INFOPLIST_FILE = MyComponent/Info.plist;
				LD_RUNPATH_SEARCH_PATHS = "$(inherited) @executable_path/Frameworks";
				PRODUCT_BUNDLE_IDENTIFIER = net.idealo.MyComponent;
				PRODUCT_NAME = "$(TARGET_NAME)";
				SWIFT_VERSION = 3.0;
			};
			name = Release;
		};
/* End XCBuildConfiguration section */

/* Begin XCConfigurationList section */
		E86597C91E2CD5B900460584 /* Build configuration list for PBXProject "MyComponent" */ = {
			isa = XCConfigurationList;
			buildConfigurations = (
				E86597DE1E2CD5B900460584 /* Debug */,
				E86597DF1E2CD5B900460584 /* Release */,
			);
			defaultConfigurationIsVisible = 0;
			defaultConfigurationName = Release;
		};
		E86597E01E2CD5B900460584 /* Build configuration list for PBXNativeTarget "MyComponent" */ = {
			isa = XCConfigurationList;
			buildConfigurations = (
				E86597E11E2CD5B900460584 /* Debug */,
				E86597E21E2CD5B900460584 /* Release */,
			);
			defaultConfigurationIsVisible = 0;
			defaultConfigurationName = Release;
		};
/* End XCConfigurationList section */
	};
	rootObject = E86597C61E2CD5B900460584 /* Project object */;
}
